
Microsoft Visual Studio Solution File, Format Version 12.00
# Visual Studio Version 16
VisualStudioVersion = 16.0.32228.343
MinimumVisualStudioVersion = 10.0.40219.1
Project("{9A19103F-16F7-4668-BE54-9A1E7A4F7556}") = "Entities", "Entities\Entities.csproj", "{1CD1FD37-C985-41D0-910F-A1EDC159A760}"
EndProject
Project("{9A19103F-16F7-4668-BE54-9A1E7A4F7556}") = "Business", "Business\Business.csproj", "{7BC5A5C9-1654-48E1-B64A-AF32274F2A4D}"
EndProject
Project("{9A19103F-16F7-4668-BE54-9A1E7A4F7556}") = "Core", "Core\Core.csproj", "{5AE4EDB7-BC25-42F5-BB6E-0207ED5EDD22}"
EndProject
Project("{9A19103F-16F7-4668-BE54-9A1E7A4F7556}") = "DataAccess", "DataAccess\DataAccess.csproj", "{A0BA90B1-FFDE-44E3-81B3-9F5B82C02FCF}"
EndProject
Project("{FAE04EC0-301F-11D3-BF4B-00C04F79EFBC}") = "WebAPI", "WebAPI\WebAPI.csproj", "{999A7B96-4D1D-4FC2-9082-61D1FF9203B8}"
EndProject
Global
	GlobalSection(SolutionConfigurationPlatforms) = preSolution
		Debug|Any CPU = Debug|Any CPU
		Release|Any CPU = Release|Any CPU
	EndGlobalSection
	GlobalSection(ProjectConfigurationPlatforms) = postSolution
		{1CD1FD37-C985-41D0-910F-A1EDC159A760}.Debug|Any CPU.ActiveCfg = Debug|Any CPU
		{1CD1FD37-C985-41D0-910F-A1EDC159A760}.Debug|Any CPU.Build.0 = Debug|Any CPU
		{1CD1FD37-C985-41D0-910F-A1EDC159A760}.Release|Any CPU.ActiveCfg = Release|Any CPU
		{1CD1FD37-C985-41D0-910F-A1EDC159A760}.Release|Any CPU.Build.0 = Release|Any CPU
		{7BC5A5C9-1654-48E1-B64A-AF32274F2A4D}.Debug|Any CPU.ActiveCfg = Debug|Any CPU
		{7BC5A5C9-1654-48E1-B64A-AF32274F2A4D}.Debug|Any CPU.Build.0 = Debug|Any CPU
		{7BC5A5C9-1654-48E1-B64A-AF32274F2A4D}.Release|Any CPU.ActiveCfg = Release|Any CPU
		{7BC5A5C9-1654-48E1-B64A-AF32274F2A4D}.Release|Any CPU.Build.0 = Release|Any CPU
		{5AE4EDB7-BC25-42F5-BB6E-0207ED5EDD22}.Debug|Any CPU.ActiveCfg = Debug|Any CPU
		{5AE4EDB7-BC25-42F5-BB6E-0207ED5EDD22}.Debug|Any CPU.Build.0 = Debug|Any CPU
		{5AE4EDB7-BC25-42F5-BB6E-0207ED5EDD22}.Release|Any CPU.ActiveCfg = Release|Any CPU
		{5AE4EDB7-BC25-42F5-BB6E-0207ED5EDD22}.Release|Any CPU.Build.0 = Release|Any CPU
		{A0BA90B1-FFDE-44E3-81B3-9F5B82C02FCF}.Debug|Any CPU.ActiveCfg = Debug|Any CPU
		{A0BA90B1-FFDE-44E3-81B3-9F5B82C02FCF}.Debug|Any CPU.Build.0 = Debug|Any CPU
		{A0BA90B1-FFDE-44E3-81B3-9F5B82C02FCF}.Release|Any CPU.ActiveCfg = Release|Any CPU
		{A0BA90B1-FFDE-44E3-81B3-9F5B82C02FCF}.Release|Any CPU.Build.0 = Release|Any CPU
		{999A7B96-4D1D-4FC2-9082-61D1FF9203B8}.Debug|Any CPU.ActiveCfg = Debug|Any CPU
		{999A7B96-4D1D-4FC2-9082-61D1FF9203B8}.Debug|Any CPU.Build.0 = Debug|Any CPU
		{999A7B96-4D1D-4FC2-9082-61D1FF9203B8}.Release|Any CPU.ActiveCfg = Release|Any CPU
		{999A7B96-4D1D-4FC2-9082-61D1FF9203B8}.Release|Any CPU.Build.0 = Release|Any CPU
	EndGlobalSection
	GlobalSection(SolutionProperties) = preSolution
		HideSolutionNode = FALSE
	EndGlobalSection
	GlobalSection(ExtensibilityGlobals) = postSolution
		SolutionGuid = {DA508EEE-AE85-4AA1-9D52-56024EE7E5D8}
	EndGlobalSection
EndGlobal
